
Microsoft Visual Studio Solution File, Format Version 12.00
# Visual Studio Version 17
VisualStudioVersion = 17.4.33103.184
MinimumVisualStudioVersion = 10.0.40219.1
Project("{FAE04EC0-301F-11D3-BF4B-00C04F79EFBC}") = "PractikaVariant22", "PractikaVariant22\PractikaVariant22.csproj", "{DF4BBA9B-8201-44B8-823D-7D24AF2CFBAF}"
EndProject
Project("{FAE04EC0-301F-11D3-BF4B-00C04F79EFBC}") = "Infrastructura", "DbContext\Infrastructura.csproj", "{2EB8C628-47A5-4066-B2F6-5D75D258DB4E}"
EndProject
Project("{FAE04EC0-301F-11D3-BF4B-00C04F79EFBC}") = "Domain", "Domain\Domain.csproj", "{AED950A2-C671-46F0-804C-3D8DEC906BBA}"
EndProject
Global
	GlobalSection(SolutionConfigurationPlatforms) = preSolution
		Debug|Any CPU = Debug|Any CPU
		Release|Any CPU = Release|Any CPU
	EndGlobalSection
	GlobalSection(ProjectConfigurationPlatforms) = postSolution
		{DF4BBA9B-8201-44B8-823D-7D24AF2CFBAF}.Debug|Any CPU.ActiveCfg = Debug|Any CPU
		{DF4BBA9B-8201-44B8-823D-7D24AF2CFBAF}.Debug|Any CPU.Build.0 = Debug|Any CPU
		{DF4BBA9B-8201-44B8-823D-7D24AF2CFBAF}.Release|Any CPU.ActiveCfg = Release|Any CPU
		{DF4BBA9B-8201-44B8-823D-7D24AF2CFBAF}.Release|Any CPU.Build.0 = Release|Any CPU
		{2EB8C628-47A5-4066-B2F6-5D75D258DB4E}.Debug|Any CPU.ActiveCfg = Debug|Any CPU
		{2EB8C628-47A5-4066-B2F6-5D75D258DB4E}.Debug|Any CPU.Build.0 = Debug|Any CPU
		{2EB8C628-47A5-4066-B2F6-5D75D258DB4E}.Release|Any CPU.ActiveCfg = Release|Any CPU
		{2EB8C628-47A5-4066-B2F6-5D75D258DB4E}.Release|Any CPU.Build.0 = Release|Any CPU
		{AED950A2-C671-46F0-804C-3D8DEC906BBA}.Debug|Any CPU.ActiveCfg = Debug|Any CPU
		{AED950A2-C671-46F0-804C-3D8DEC906BBA}.Debug|Any CPU.Build.0 = Debug|Any CPU
		{AED950A2-C671-46F0-804C-3D8DEC906BBA}.Release|Any CPU.ActiveCfg = Release|Any CPU
		{AED950A2-C671-46F0-804C-3D8DEC906BBA}.Release|Any CPU.Build.0 = Release|Any CPU
	EndGlobalSection
	GlobalSection(SolutionProperties) = preSolution
		HideSolutionNode = FALSE
	EndGlobalSection
	GlobalSection(ExtensibilityGlobals) = postSolution
		SolutionGuid = {E6149795-D7EC-4E63-815A-92E299F19FA8}
	EndGlobalSection
EndGlobal
